PODS:
  - Alamofire (4.8.1)
  - SwiftLint (0.30.1)

DEPENDENCIES:
  - Alamofire
  - SwiftLint

SPEC REPOS:
  https://github.com/cocoapods/specs.git:
    - Alamofire
    - SwiftLint

SPEC CHECKSUMS:
  Alamofire: 16ce2c353fb72865124ddae8a57c5942388f4f11
  SwiftLint: a54bf1fe12b55c68560eb2a7689dfc81458508f7

PODFILE CHECKSUM: 06d3ebe94fc4e57194677692f30bd1fe0c4d91d2

COCOAPODS: 1.5.3
